Microsoft Visual Studio Solution File, Format Version 12.00
# Visual Studio Version 17
VisualStudioVersion = 17.5.2.0
MinimumVisualStudioVersion = 10.0.40219.1
Project("{FAE04EC0-301F-11D3-BF4B-00C04F79EFBC}") = "cash", "cash\cash.csproj", "{7EFB4946-4FF8-DF46-3305-81EFD5AE2807}"
EndProject
Global
	GlobalSection(SolutionConfigurationPlatforms) = preSolution
		Debug|Any CPU = Debug|Any CPU
		Release|Any CPU = Release|Any CPU
	EndGlobalSection
	GlobalSection(ProjectConfigurationPlatforms) = postSolution
		{7EFB4946-4FF8-DF46-3305-81EFD5AE2807}.Debug|Any CPU.ActiveCfg = Debug|Any CPU
		{7EFB4946-4FF8-DF46-3305-81EFD5AE2807}.Debug|Any CPU.Build.0 = Debug|Any CPU
		{7EFB4946-4FF8-DF46-3305-81EFD5AE2807}.Release|Any CPU.ActiveCfg = Release|Any CPU
		{7EFB4946-4FF8-DF46-3305-81EFD5AE2807}.Release|Any CPU.Build.0 = Release|Any CPU
	EndGlobalSection
	GlobalSection(SolutionProperties) = preSolution
		HideSolutionNode = FALSE
	EndGlobalSection
	GlobalSection(ExtensibilityGlobals) = postSolution
		SolutionGuid = {DFC4991D-F015-482F-B855-F9DD28C30E68}
	EndGlobalSection
EndGlobal
